
Microsoft Visual Studio Solution File, Format Version 12.00
# Visual Studio Version 17
VisualStudioVersion = 17.1.32407.343
MinimumVisualStudioVersion = 10.0.40219.1
Project("{FAE04EC0-301F-11D3-BF4B-00C04F79EFBC}") = "Personel.Core.UI", "Personel.Core.UI\Personel.Core.UI.csproj", "{5C5663E6-10CD-40DA-A17F-688926E88B39}"
EndProject
Global
	GlobalSection(SolutionConfigurationPlatforms) = preSolution
		Debug|Any CPU = Debug|Any CPU
		Release|Any CPU = Release|Any CPU
	EndGlobalSection
	GlobalSection(ProjectConfigurationPlatforms) = postSolution
		{5C5663E6-10CD-40DA-A17F-688926E88B39}.Debug|Any CPU.ActiveCfg = Debug|Any CPU
		{5C5663E6-10CD-40DA-A17F-688926E88B39}.Debug|Any CPU.Build.0 = Debug|Any CPU
		{5C5663E6-10CD-40DA-A17F-688926E88B39}.Release|Any CPU.ActiveCfg = Release|Any CPU
		{5C5663E6-10CD-40DA-A17F-688926E88B39}.Release|Any CPU.Build.0 = Release|Any CPU
	EndGlobalSection
	GlobalSection(SolutionProperties) = preSolution
		HideSolutionNode = FALSE
	EndGlobalSection
	GlobalSection(ExtensibilityGlobals) = postSolution
		SolutionGuid = {FAE23163-265F-404F-8C4E-18EEE248A117}
	EndGlobalSection
EndGlobal
